
Microsoft Visual Studio Solution File, Format Version 12.00
# Visual Studio Version 17
VisualStudioVersion = 17.2.32630.192
MinimumVisualStudioVersion = 10.0.40219.1
Project("{FAE04EC0-301F-11D3-BF4B-00C04F79EFBC}") = "SystemMonitorHost", "SystemMonitorHost\SystemMonitorHost.csproj", "{F8633A47-89BB-4C72-948B-76F4640B42EC}"
EndProject
Global
	GlobalSection(SolutionConfigurationPlatforms) = preSolution
		Debug|Any CPU = Debug|Any CPU
		Release|Any CPU = Release|Any CPU
	EndGlobalSection
	GlobalSection(ProjectConfigurationPlatforms) = postSolution
		{F8633A47-89BB-4C72-948B-76F4640B42EC}.Debug|Any CPU.ActiveCfg = Debug|Any CPU
		{F8633A47-89BB-4C72-948B-76F4640B42EC}.Debug|Any CPU.Build.0 = Debug|Any CPU
		{F8633A47-89BB-4C72-948B-76F4640B42EC}.Release|Any CPU.ActiveCfg = Release|Any CPU
		{F8633A47-89BB-4C72-948B-76F4640B42EC}.Release|Any CPU.Build.0 = Release|Any CPU
	EndGlobalSection
	GlobalSection(SolutionProperties) = preSolution
		HideSolutionNode = FALSE
	EndGlobalSection
	GlobalSection(ExtensibilityGlobals) = postSolution
		SolutionGuid = {A9A63693-86C4-4522-9ADC-04BB28E59A18}
	EndGlobalSection
EndGlobal
